
Microsoft Visual Studio Solution File, Format Version 12.00
# Visual Studio 2017
Project("{FAE04EC0-301F-11D3-BF4B-00C04F79EFBC}") = "ProjectAI.Plugins", "ProjectAI.Plugins.csproj", "{3BA3CE72-1E10-189C-0902-0B0A79461036}"
EndProject
Project("{FAE04EC0-301F-11D3-BF4B-00C04F79EFBC}") = "ProjectAI", "ProjectAI.csproj", "{22AE216E-4983-C161-2014-58D5A86B3F02}"
EndProject
Project("{FAE04EC0-301F-11D3-BF4B-00C04F79EFBC}") = "ProjectAI.Editor.Plugins", "ProjectAI.Editor.Plugins.csproj", "{744E532C-BD9D-1B4C-5E53-9F51BE3BBFFF}"
EndProject
Global
	GlobalSection(SolutionConfigurationPlatforms) = preSolution
		Debug|Any CPU = Debug|Any CPU
		Release|Any CPU = Release|Any CPU
	EndGlobalSection
	GlobalSection(ProjectConfigurationPlatforms) = postSolution
		{3BA3CE72-1E10-189C-0902-0B0A79461036}.Debug|Any CPU.ActiveCfg = Debug|Any CPU
		{3BA3CE72-1E10-189C-0902-0B0A79461036}.Debug|Any CPU.Build.0 = Debug|Any CPU
		{3BA3CE72-1E10-189C-0902-0B0A79461036}.Release|Any CPU.ActiveCfg = Release|Any CPU
		{3BA3CE72-1E10-189C-0902-0B0A79461036}.Release|Any CPU.Build.0 = Release|Any CPU
		{22AE216E-4983-C161-2014-58D5A86B3F02}.Debug|Any CPU.ActiveCfg = Debug|Any CPU
		{22AE216E-4983-C161-2014-58D5A86B3F02}.Debug|Any CPU.Build.0 = Debug|Any CPU
		{22AE216E-4983-C161-2014-58D5A86B3F02}.Release|Any CPU.ActiveCfg = Release|Any CPU
		{22AE216E-4983-C161-2014-58D5A86B3F02}.Release|Any CPU.Build.0 = Release|Any CPU
		{744E532C-BD9D-1B4C-5E53-9F51BE3BBFFF}.Debug|Any CPU.ActiveCfg = Debug|Any CPU
		{744E532C-BD9D-1B4C-5E53-9F51BE3BBFFF}.Debug|Any CPU.Build.0 = Debug|Any CPU
		{744E532C-BD9D-1B4C-5E53-9F51BE3BBFFF}.Release|Any CPU.ActiveCfg = Release|Any CPU
		{744E532C-BD9D-1B4C-5E53-9F51BE3BBFFF}.Release|Any CPU.Build.0 = Release|Any CPU
	EndGlobalSection
	GlobalSection(SolutionProperties) = preSolution
		HideSolutionNode = FALSE
	EndGlobalSection
EndGlobal
